// !$*UTF8*$!
{
	archiveVersion = 1;
	classes = {
	};
	objectVersion = 77;
	objects = {

/* Begin PBXBuildFile section */
		F40FC8F32CAE60FB00198BFC /* SmartTaskDesktop.entitlements in Resources */ = {isa = PBXBuildFile; fileRef = F40FC8F22CAE60FB00198BFC /* SmartTaskDesktop.entitlements */; };
		F40FC8F52CAE624500198BFC /* swift.gitignore in Resources */ = {isa = PBXBuildFile; fileRef = F40FC8F42CAE623E00198BFC /* swift.gitignore */; };
/* End PBXBuildFile section */

/* Begin PBXContainerItemProxy section */
		F40FC8BE2CAE30CE00198BFC /* PBXContainerItemProxy */ = {
			isa = PBXContainerItemProxy;
			containerPortal = F40FC8A22CAE30CC00198BFC /* Project object */;
			proxyType = 1;
			remoteGlobalIDString = F40FC8A92CAE30CC00198BFC;
			remoteInfo = SmartTaskDesktop;
		};
		F40FC8C82CAE30CE00198BFC /* PBXContainerItemProxy */ = {
			isa = PBXContainerItemProxy;
			containerPortal = F40FC8A22CAE30CC00198BFC /* Project object */;
			proxyType = 1;
			remoteGlobalIDString = F40FC8A92CAE30CC00198BFC;
			remoteInfo = SmartTaskDesktop;
		};
/* End PBXContainerItemProxy section */

/* Begin PBXFileReference section */
		F40FC8AA2CAE30CC00198BFC /* SmartTaskDesktop.app */ = {isa = PBXFileReference; explicitFileType = wrapper.application; includeInIndex = 0; path = SmartTaskDesktop.app; sourceTree = BUILT_PRODUCTS_DIR; };
		F40FC8BD2CAE30CE00198BFC /* SmartTaskDesktopTests.xctest */ = {isa = PBXFileReference; explicitFileType = wrapper.cfbundle; includeInIndex = 0; path = SmartTaskDesktopTests.xctest; sourceTree = BUILT_PRODUCTS_DIR; };
		F40FC8C72CAE30CE00198BFC /* SmartTaskDesktopUITests.xctest */ = {isa = PBXFileReference; explicitFileType = wrapper.cfbundle; includeInIndex = 0; path = SmartTaskDesktopUITests.xctest; sourceTree = BUILT_PRODUCTS_DIR; };
		F40FC8F22CAE60FB00198BFC /* SmartTaskDesktop.entitlements */ = {isa = PBXFileReference; lastKnownFileType = text.plist.entitlements; path = SmartTaskDesktop.entitlements; sourceTree = "<group>"; };
		F40FC8F42CAE623E00198BFC /* swift.gitignore */ = {isa = PBXFileReference; lastKnownFileType = text; path = swift.gitignore; sourceTree = "<group>"; };
/* End PBXFileReference section */

/* Begin PBXFileSystemSynchronizedRootGroup section */
		F40FC8AC2CAE30CC00198BFC /* SmartTaskDesktop */ = {
			isa = PBXFileSystemSynchronizedRootGroup;
			path = SmartTaskDesktop;
			sourceTree = "<group>";
		};
		F40FC8C02CAE30CE00198BFC /* SmartTaskDesktopTests */ = {
			isa = PBXFileSystemSynchronizedRootGroup;
			path = SmartTaskDesktopTests;
			sourceTree = "<group>";
		};
		F40FC8CA2CAE30CE00198BFC /* SmartTaskDesktopUITests */ = {
			isa = PBXFileSystemSynchronizedRootGroup;
			path = SmartTaskDesktopUITests;
			sourceTree = "<group>";
		};
/* End PBXFileSystemSynchronizedRootGroup section */

/* Begin PBXFrameworksBuildPhase section */
		F40FC8A72CAE30CC00198BFC /* Frameworks */ = {
			isa = PBXFrameworksBuildPhase;
			buildActionMask = 2147483647;
			files = (
			);
			runOnlyForDeploymentPostprocessing = 0;
		};
		F40FC8BA2CAE30CE00198BFC /* Frameworks */ = {
			isa = PBXFrameworksBuildPhase;
			buildActionMask = 2147483647;
			files = (
			);
			runOnlyForDeploymentPostprocessing = 0;
		};
		F40FC8C42CAE30CE00198BFC /* Frameworks */ = {
			isa = PBXFrameworksBuildPhase;
			buildActionMask = 2147483647;
			files = (
			);
			runOnlyForDeploymentPostprocessing = 0;
		};
/* End PBXFrameworksBuildPhase section */

/* Begin PBXGroup section */
		F40FC8A12CAE30CC00198BFC = {
			isa = PBXGroup;
			children = (
				F40FC8F42CAE623E00198BFC /* swift.gitignore */,
				F40FC8F22CAE60FB00198BFC /* SmartTaskDesktop.entitlements */,
				F40FC8AC2CAE30CC00198BFC /* SmartTaskDesktop */,
				F40FC8C02CAE30CE00198BFC /* SmartTaskDesktopTests */,
				F40FC8CA2CAE30CE00198BFC /* SmartTaskDesktopUITests */,
				F40FC8AB2CAE30CC00198BFC /* Products */,
			);
			sourceTree = "<group>";
		};
		F40FC8AB2CAE30CC00198BFC /* Products */ = {
			isa = PBXGroup;
			children = (
				F40FC8AA2CAE30CC00198BFC /* SmartTaskDesktop.app */,
				F40FC8BD2CAE30CE00198BFC /* SmartTaskDesktopTests.xctest */,
				F40FC8C72CAE30CE00198BFC /* SmartTaskDesktopUITests.xctest */,
			);
			name = Products;
			sourceTree = "<group>";
		};
/* End PBXGroup section */

/* Begin PBXNativeTarget section */
		F40FC8A92CAE30CC00198BFC /* SmartTaskDesktop */ = {
			isa = PBXNativeTarget;
			buildConfigurationList = F40FC8D12CAE30CE00198BFC /* Build configuration list for PBXNativeTarget "SmartTaskDesktop" */;
			buildPhases = (
				F40FC8A62CAE30CC00198BFC /* Sources */,
				F40FC8A72CAE30CC00198BFC /* Frameworks */,
				F40FC8A82CAE30CC00198BFC /* Resources */,
			);
			buildRules = (
			);
			dependencies = (
			);
			fileSystemSynchronizedGroups = (
				F40FC8AC2CAE30CC00198BFC /* SmartTaskDesktop */,
			);
			name = SmartTaskDesktop;
			packageProductDependencies = (
			);
			productName = SmartTaskDesktop;
			productReference = F40FC8AA2CAE30CC00198BFC /* SmartTaskDesktop.app */;
			productType = "com.apple.product-type.application";
		};
		F40FC8BC2CAE30CE00198BFC /* SmartTaskDesktopTests */ = {
			isa = PBXNativeTarget;
			buildConfigurationList = F40FC8D42CAE30CE00198BFC /* Build configuration list for PBXNativeTarget "SmartTaskDesktopTests" */;
			buildPhases = (
				F40FC8B92CAE30CE00198BFC /* Sources */,
				F40FC8BA2CAE30CE00198BFC /* Frameworks */,
				F40FC8BB2CAE30CE00198BFC /* Resources */,
			);
			buildRules = (
			);
			dependencies = (
				F40FC8BF2CAE30CE00198BFC /* PBXTargetDependency */,
			);
			fileSystemSynchronizedGroups = (
				F40FC8C02CAE30CE00198BFC /* SmartTaskDesktopTests */,
			);
			name = SmartTaskDesktopTests;
			packageProductDependencies = (
			);
			productName = SmartTaskDesktopTests;
			productReference = F40FC8BD2CAE30CE00198BFC /* SmartTaskDesktopTests.xctest */;
			productType = "com.apple.product-type.bundle.unit-test";
		};
		F40FC8C62CAE30CE00198BFC /* SmartTaskDesktopUITests */ = {
			isa = PBXNativeTarget;
			buildConfigurationList = F40FC8D72CAE30CE00198BFC /* Build configuration list for PBXNativeTarget "SmartTaskDesktopUITests" */;
			buildPhases = (
				F40FC8C32CAE30CE00198BFC /* Sources */,
				F40FC8C42CAE30CE00198BFC /* Frameworks */,
				F40FC8C52CAE30CE00198BFC /* Resources */,
			);
			buildRules = (
			);
			dependencies = (
				F40FC8C92CAE30CE00198BFC /* PBXTargetDependency */,
			);
			fileSystemSynchronizedGroups = (
				F40FC8CA2CAE30CE00198BFC /* SmartTaskDesktopUITests */,
			);
			name = SmartTaskDesktopUITests;
			packageProductDependencies = (
			);
			productName = SmartTaskDesktopUITests;
			productReference = F40FC8C72CAE30CE00198BFC /* SmartTaskDesktopUITests.xctest */;
			productType = "com.apple.product-type.bundle.ui-testing";
		};
/* End PBXNativeTarget section */

/* Begin PBXProject section */
		F40FC8A22CAE30CC00198BFC /* Project object */ = {
			isa = PBXProject;
			attributes = {
				BuildIndependentTargetsInParallel = 1;
				LastSwiftUpdateCheck = 1600;
				LastUpgradeCheck = 1600;
				TargetAttributes = {
					F40FC8A92CAE30CC00198BFC = {
						CreatedOnToolsVersion = 16.0;
						LastSwiftMigration = 1600;
					};
					F40FC8BC2CAE30CE00198BFC = {
						CreatedOnToolsVersion = 16.0;
						TestTargetID = F40FC8A92CAE30CC00198BFC;
					};
					F40FC8C62CAE30CE00198BFC = {
						CreatedOnToolsVersion = 16.0;
						TestTargetID = F40FC8A92CAE30CC00198BFC;
					};
				};
			};
			buildConfigurationList = F40FC8A52CAE30CC00198BFC /* Build configuration list for PBXProject "SmartTaskDesktop" */;
			developmentRegion = en;
			hasScannedForEncodings = 0;
			knownRegions = (
				en,
				Base,
			);
			mainGroup = F40FC8A12CAE30CC00198BFC;
			minimizedProjectReferenceProxies = 1;
			preferredProjectObjectVersion = 77;
			productRefGroup = F40FC8AB2CAE30CC00198BFC /* Products */;
			projectDirPath = "";
			projectRoot = "";
			targets = (
				F40FC8A92CAE30CC00198BFC /* SmartTaskDesktop */,
				F40FC8BC2CAE30CE00198BFC /* SmartTaskDesktopTests */,
				F40FC8C62CAE30CE00198BFC /* SmartTaskDesktopUITests */,
			);
		};
/* End PBXProject section */

/* Begin PBXResourcesBuildPhase section */
		F40FC8A82CAE30CC00198BFC /* Resources */ = {
			isa = PBXResourcesBuildPhase;
			buildActionMask = 2147483647;
			files = (
				F40FC8F32CAE60FB00198BFC /* SmartTaskDesktop.entitlements in Resources */,
				F40FC8F52CAE624500198BFC /* swift.gitignore in Resources */,
			);
			runOnlyForDeploymentPostprocessing = 0;
		};
		F40FC8BB2CAE30CE00198BFC /* Resources */ = {
			isa = PBXResourcesBuildPhase;
			buildActionMask = 2147483647;
			files = (
			);
			runOnlyForDeploymentPostprocessing = 0;
		};
		F40FC8C52CAE30CE00198BFC /* Resources */ = {
			isa = PBXResourcesBuildPhase;
			buildActionMask = 2147483647;
			files = (
			);
			runOnlyForDeploymentPostprocessing = 0;
		};
/* End PBXResourcesBuildPhase section */

/* Begin PBXSourcesBuildPhase section */
		F40FC8A62CAE30CC00198BFC /* Sources */ = {
			isa = PBXSourcesBuildPhase;
			buildActionMask = 2147483647;
			files = (
			);
			runOnlyForDeploymentPostprocessing = 0;
		};
		F40FC8B92CAE30CE00198BFC /* Sources */ = {
			isa = PBXSourcesBuildPhase;
			buildActionMask = 2147483647;
			files = (
			);
			runOnlyForDeploymentPostprocessing = 0;
		};
		F40FC8C32CAE30CE00198BFC /* Sources */ = {
			isa = PBXSourcesBuildPhase;
			buildActionMask = 2147483647;
			files = (
			);
			runOnlyForDeploymentPostprocessing = 0;
		};
/* End PBXSourcesBuildPhase section */

/* Begin PBXTargetDependency section */
		F40FC8BF2CAE30CE00198BFC /* PBXTargetDependency */ = {
			isa = PBXTargetDependency;
			target = F40FC8A92CAE30CC00198BFC /* SmartTaskDesktop */;
			targetProxy = F40FC8BE2CAE30CE00198BFC /* PBXContainerItemProxy */;
		};
		F40FC8C92CAE30CE00198BFC /* PBXTargetDependency */ = {
			isa = PBXTargetDependency;
			target = F40FC8A92CAE30CC00198BFC /* SmartTaskDesktop */;
			targetProxy = F40FC8C82CAE30CE00198BFC /* PBXContainerItemProxy */;
		};
/* End PBXTargetDependency section */

/* Begin XCBuildConfiguration section */
		F40FC8CF2CAE30CE00198BFC /* Debug */ = {
			isa = XCBuildConfiguration;
			buildSettings = {
				ALWAYS_SEARCH_USER_PATHS = NO;
				ASSETCATALOG_COMPILER_GENERATE_SWIFT_ASSET_SYMBOL_EXTENSIONS = YES;
				CLANG_ANALYZER_NONNULL = YES;
				CLANG_ANALYZER_NUMBER_OBJECT_CONVERSION = YES_AGGRESSIVE;
				CLANG_CXX_LANGUAGE_STANDARD = "gnu++20";
				CLANG_ENABLE_MODULES = YES;
				CLANG_ENABLE_OBJC_ARC = YES;
				CLANG_ENABLE_OBJC_WEAK = YES;
				CLANG_WARN_BLOCK_CAPTURE_AUTORELEASING = YES;
				CLANG_WARN_BOOL_CONVERSION = YES;
				CLANG_WARN_COMMA = YES;
				CLANG_WARN_CONSTANT_CONVERSION = YES;
				CLANG_WARN_DEPRECATED_OBJC_IMPLEMENTATIONS = YES;
				CLANG_WARN_DIRECT_OBJC_ISA_USAGE = YES_ERROR;
				CLANG_WARN_DOCUMENTATION_COMMENTS = YES;
				CLANG_WARN_EMPTY_BODY = YES;
				CLANG_WARN_ENUM_CONVERSION = YES;
				CLANG_WARN_INFINITE_RECURSION = YES;
				CLANG_WARN_INT_CONVERSION = YES;
				CLANG_WARN_NON_LITERAL_NULL_CONVERSION = YES;
				CLANG_WARN_OBJC_IMPLICIT_RETAIN_SELF = YES;
				CLANG_WARN_OBJC_LITERAL_CONVERSION = YES;
				CLANG_WARN_OBJC_ROOT_CLASS = YES_ERROR;
				CLANG_WARN_QUOTED_INCLUDE_IN_FRAMEWORK_HEADER = YES;
				CLANG_WARN_RANGE_LOOP_ANALYSIS = YES;
				CLANG_WARN_STRICT_PROTOTYPES = YES;
				CLANG_WARN_SUSPICIOUS_MOVE = YES;
				CLANG_WARN_UNGUARDED_AVAILABILITY = YES_AGGRESSIVE;
				CLANG_WARN_UNREACHABLE_CODE = YES;
				CLANG_WARN__DUPLICATE_METHOD_MATCH = YES;
				COPY_PHASE_STRIP = NO;
				DEBUG_INFORMATION_FORMAT = dwarf;
				ENABLE_STRICT_OBJC_MSGSEND = YES;
				ENABLE_TESTABILITY = YES;
				ENABLE_USER_SCRIPT_SANDBOXING = YES;
				GCC_C_LANGUAGE_STANDARD = gnu17;
				GCC_DYNAMIC_NO_PIC = NO;
				GCC_NO_COMMON_BLOCKS = YES;
				GCC_OPTIMIZATION_LEVEL = 0;
				GCC_PREPROCESSOR_DEFINITIONS = (
					"DEBUG=1",
					"$(inherited)",
				);
				GCC_WARN_64_TO_32_BIT_CONVERSION = YES;
				GCC_WARN_ABOUT_RETURN_TYPE = YES_ERROR;
				GCC_WARN_UNDECLARED_SELECTOR = YES;
				GCC_WARN_UNINITIALIZED_AUTOS = YES_AGGRESSIVE;
				GCC_WARN_UNUSED_FUNCTION = YES;
				GCC_WARN_UNUSED_VARIABLE = YES;
				LOCALIZATION_PREFERS_STRING_CATALOGS = YES;
				MTL_ENABLE_DEBUG_INFO = INCLUDE_SOURCE;
				MTL_FAST_MATH = YES;
				ONLY_ACTIVE_ARCH = YES;
				SWIFT_ACTIVE_COMPILATION_CONDITIONS = "DEBUG $(inherited)";
				SWIFT_OPTIMIZATION_LEVEL = "-Onone";
			};
			name = Debug;
		};
		F40FC8D02CAE30CE00198BFC /* Release */ = {
			isa = XCBuildConfiguration;
			buildSettings = {
				ALWAYS_SEARCH_USER_PATHS = NO;
				ASSETCATALOG_COMPILER_GENERATE_SWIFT_ASSET_SYMBOL_EXTENSIONS = YES;
				CLANG_ANALYZER_NONNULL = YES;
				CLANG_ANALYZER_NUMBER_OBJECT_CONVERSION = YES_AGGRESSIVE;
				CLANG_CXX_LANGUAGE_STANDARD = "gnu++20";
				CLANG_ENABLE_MODULES = YES;
				CLANG_ENABLE_OBJC_ARC = YES;
				CLANG_ENABLE_OBJC_WEAK = YES;
				CLANG_WARN_BLOCK_CAPTURE_AUTORELEASING = YES;
				CLANG_WARN_BOOL_CONVERSION = YES;
				CLANG_WARN_COMMA = YES;
				CLANG_WARN_CONSTANT_CONVERSION = YES;
				CLANG_WARN_DEPRECATED_OBJC_IMPLEMENTATIONS = YES;
				CLANG_WARN_DIRECT_OBJC_ISA_USAGE = YES_ERROR;
				CLANG_WARN_DOCUMENTATION_COMMENTS = YES;
				CLANG_WARN_EMPTY_BODY = YES;
				CLANG_WARN_ENUM_CONVERSION = YES;
				CLANG_WARN_INFINITE_RECURSION = YES;
				CLANG_WARN_INT_CONVERSION = YES;
				CLANG_WARN_NON_LITERAL_NULL_CONVERSION = YES;
				CLANG_WARN_OBJC_IMPLICIT_RETAIN_SELF = YES;
				CLANG_WARN_OBJC_LITERAL_CONVERSION = YES;
				CLANG_WARN_OBJC_ROOT_CLASS = YES_ERROR;
				CLANG_WARN_QUOTED_INCLUDE_IN_FRAMEWORK_HEADER = YES;
				CLANG_WARN_RANGE_LOOP_ANALYSIS = YES;
				CLANG_WARN_STRICT_PROTOTYPES = YES;
				CLANG_WARN_SUSPICIOUS_MOVE = YES;
				CLANG_WARN_UNGUARDED_AVAILABILITY = YES_AGGRESSIVE;
				CLANG_WARN_UNREACHABLE_CODE = YES;
				CLANG_WARN__DUPLICATE_METHOD_MATCH = YES;
				COPY_PHASE_STRIP = NO;
				DEBUG_INFORMATION_FORMAT = "dwarf-with-dsym";
				ENABLE_NS_ASSERTIONS = NO;
				ENABLE_STRICT_OBJC_MSGSEND = YES;
				ENABLE_USER_SCRIPT_SANDBOXING = YES;
				GCC_C_LANGUAGE_STANDARD = gnu17;
				GCC_NO_COMMON_BLOCKS = YES;
				GCC_WARN_64_TO_32_BIT_CONVERSION = YES;
				GCC_WARN_ABOUT_RETURN_TYPE = YES_ERROR;
				GCC_WARN_UNDECLARED_SELECTOR = YES;
				GCC_WARN_UNINITIALIZED_AUTOS = YES_AGGRESSIVE;
				GCC_WARN_UNUSED_FUNCTION = YES;
				GCC_WARN_UNUSED_VARIABLE = YES;
				LOCALIZATION_PREFERS_STRING_CATALOGS = YES;
				MTL_ENABLE_DEBUG_INFO = NO;
				MTL_FAST_MATH = YES;
				SWIFT_COMPILATION_MODE = wholemodule;
			};
			name = Release;
		};
		F40FC8D22CAE30CE00198BFC /* Debug */ = {
			isa = XCBuildConfiguration;
			buildSettings = {
				ASSETCATALOG_COMPILER_APPICON_NAME = AppIcon;
				ASSETCATALOG_COMPILER_GLOBAL_ACCENT_COLOR_NAME = AccentColor;
				CLANG_ENABLE_MODULES = YES;
				CODE_SIGN_ENTITLEMENTS = SmartTaskDesktop.entitlements;
				"CODE_SIGN_ENTITLEMENTS[sdk=*]" = SmartTaskDesktop.entitlements;
				CODE_SIGN_IDENTITY = "Apple Development: rohan.adwankar@gmail.com (WLRMZRFCYL)";
				"CODE_SIGN_IDENTITY[sdk=macosx*]" = "Apple Development";
				CODE_SIGN_STYLE = Automatic;
				CURRENT_PROJECT_VERSION = 1;
				DEVELOPMENT_ASSET_PATHS = "\"SmartTaskDesktop/Preview Content\"";
				DEVELOPMENT_TEAM = XS97RLY5NM;
				ENABLE_HARDENED_RUNTIME = YES;
				ENABLE_PREVIEWS = YES;
				GENERATE_INFOPLIST_FILE = YES;
				"INFOPLIST_KEY_UIApplicationSceneManifest_Generation[sdk=iphoneos*]" = YES;
				"INFOPLIST_KEY_UIApplicationSceneManifest_Generation[sdk=iphonesimulator*]" = YES;
				"INFOPLIST_KEY_UIApplicationSupportsIndirectInputEvents[sdk=iphoneos*]" = YES;
				"INFOPLIST_KEY_UIApplicationSupportsIndirectInputEvents[sdk=iphonesimulator*]" = YES;
				"INFOPLIST_KEY_UILaunchScreen_Generation[sdk=iphoneos*]" = YES;
				"INFOPLIST_KEY_UILaunchScreen_Generation[sdk=iphonesimulator*]" = YES;
				"INFOPLIST_KEY_UIStatusBarStyle[sdk=iphoneos*]" = UIStatusBarStyleDefault;
				"INFOPLIST_KEY_UIStatusBarStyle[sdk=iphonesimulator*]" = UIStatusBarStyleDefault;
				INFOPLIST_KEY_UISupportedInterfaceOrientations_iPad = "UIInterfaceOrientationPortrait UIInterfaceOrientationPortraitUpsideDown UIInterfaceOrientationLandscapeLeft UIInterfaceOrientationLandscapeRight";
				INFOPLIST_KEY_UISupportedInterfaceOrientations_iPhone = "UIInterfaceOrientationPortrait UIInterfaceOrientationLandscapeLeft UIInterfaceOrientationLandscapeRight";
				IPHONEOS_DEPLOYMENT_TARGET = 18.0;
				LD_RUNPATH_SEARCH_PATHS = "@executable_path/Frameworks";
				"LD_RUNPATH_SEARCH_PATHS[sdk=macosx*]" = "@executable_path/../Frameworks";
				MACOSX_DEPLOYMENT_TARGET = 14.0;
				MARKETING_VERSION = 1.0;
				PRODUCT_BUNDLE_IDENTIFIER = RohanAdwankar.SmartTaskDesktop;
				PRODUCT_NAME = "$(TARGET_NAME)";
				SDKROOT = auto;
				SUPPORTED_PLATFORMS = "iphoneos iphonesimulator macosx xros xrsimulator";
				SWIFT_EMIT_LOC_STRINGS = YES;
				SWIFT_OBJC_BRIDGING_HEADER = "SmartTaskDesktop-Bridging-Header.h";
				SWIFT_OPTIMIZATION_LEVEL = "-Onone";
				SWIFT_VERSION = 5.0;
				TARGETED_DEVICE_FAMILY = "1,2,7";
				XROS_DEPLOYMENT_TARGET = 2.0;
			};
			name = Debug;
		};
		F40FC8D32CAE30CE00198BFC /* Release */ = {
			isa = XCBuildConfiguration;
			buildSettings = {
				ASSETCATALOG_COMPILER_APPICON_NAME = AppIcon;
				ASSETCATALOG_COMPILER_GLOBAL_ACCENT_COLOR_NAME = AccentColor;
				CLANG_ENABLE_MODULES = YES;
				CODE_SIGN_ENTITLEMENTS = SmartTaskDesktop.entitlements;
				"CODE_SIGN_ENTITLEMENTS[sdk=*]" = SmartTaskDesktop.entitlements;
				CODE_SIGN_IDENTITY = "Apple Development: rohan.adwankar@gmail.com (WLRMZRFCYL)";
				"CODE_SIGN_IDENTITY[sdk=macosx*]" = "Apple Development";
				CODE_SIGN_STYLE = Automatic;
				CURRENT_PROJECT_VERSION = 1;
				DEVELOPMENT_ASSET_PATHS = "\"SmartTaskDesktop/Preview Content\"";
				DEVELOPMENT_TEAM = XS97RLY5NM;
				ENABLE_HARDENED_RUNTIME = YES;
				ENABLE_PREVIEWS = YES;
				GENERATE_INFOPLIST_FILE = YES;
				"INFOPLIST_KEY_UIApplicationSceneManifest_Generation[sdk=iphoneos*]" = YES;
				"INFOPLIST_KEY_UIApplicationSceneManifest_Generation[sdk=iphonesimulator*]" = YES;
				"INFOPLIST_KEY_UIApplicationSupportsIndirectInputEvents[sdk=iphoneos*]" = YES;
				"INFOPLIST_KEY_UIApplicationSupportsIndirectInputEvents[sdk=iphonesimulator*]" = YES;
				"INFOPLIST_KEY_UILaunchScreen_Generation[sdk=iphoneos*]" = YES;
				"INFOPLIST_KEY_UILaunchScreen_Generation[sdk=iphonesimulator*]" = YES;
				"INFOPLIST_KEY_UIStatusBarStyle[sdk=iphoneos*]" = UIStatusBarStyleDefault;
				"INFOPLIST_KEY_UIStatusBarStyle[sdk=iphonesimulator*]" = UIStatusBarStyleDefault;
				INFOPLIST_KEY_UISupportedInterfaceOrientations_iPad = "UIInterfaceOrientationPortrait UIInterfaceOrientationPortraitUpsideDown UIInterfaceOrientationLandscapeLeft UIInterfaceOrientationLandscapeRight";
				INFOPLIST_KEY_UISupportedInterfaceOrientations_iPhone = "UIInterfaceOrientationPortrait UIInterfaceOrientationLandscapeLeft UIInterfaceOrientationLandscapeRight";
				IPHONEOS_DEPLOYMENT_TARGET = 18.0;
				LD_RUNPATH_SEARCH_PATHS = "@executable_path/Frameworks";
				"LD_RUNPATH_SEARCH_PATHS[sdk=macosx*]" = "@executable_path/../Frameworks";
				MACOSX_DEPLOYMENT_TARGET = 14.0;
				MARKETING_VERSION = 1.0;
				PRODUCT_BUNDLE_IDENTIFIER = RohanAdwankar.SmartTaskDesktop;
				PRODUCT_NAME = "$(TARGET_NAME)";
				SDKROOT = auto;
				SUPPORTED_PLATFORMS = "iphoneos iphonesimulator macosx xros xrsimulator";
				SWIFT_EMIT_LOC_STRINGS = YES;
				SWIFT_OBJC_BRIDGING_HEADER = "SmartTaskDesktop-Bridging-Header.h";
				SWIFT_VERSION = 5.0;
				TARGETED_DEVICE_FAMILY = "1,2,7";
				XROS_DEPLOYMENT_TARGET = 2.0;
			};
			name = Release;
		};
		F40FC8D52CAE30CE00198BFC /* Debug */ = {
			isa = XCBuildConfiguration;
			buildSettings = {
				BUNDLE_LOADER = "$(TEST_HOST)";
				CODE_SIGN_STYLE = Automatic;
				CURRENT_PROJECT_VERSION = 1;
				DEVELOPMENT_TEAM = XS97RLY5NM;
				GENERATE_INFOPLIST_FILE = YES;
				IPHONEOS_DEPLOYMENT_TARGET = 18.0;
				MACOSX_DEPLOYMENT_TARGET = 14.5;
				MARKETING_VERSION = 1.0;
				PRODUCT_BUNDLE_IDENTIFIER = RohanAdwankar.SmartTaskDesktopTests;
				PRODUCT_NAME = "$(TARGET_NAME)";
				SDKROOT = auto;
				SUPPORTED_PLATFORMS = "iphoneos iphonesimulator macosx xros xrsimulator";
				SWIFT_EMIT_LOC_STRINGS = NO;
				SWIFT_VERSION = 5.0;
				TARGETED_DEVICE_FAMILY = "1,2,7";
				TEST_HOST = "$(BUILT_PRODUCTS_DIR)/SmartTaskDesktop.app/$(BUNDLE_EXECUTABLE_FOLDER_PATH)/SmartTaskDesktop";
				XROS_DEPLOYMENT_TARGET = 2.0;
			};
			name = Debug;
		};
		F40FC8D62CAE30CE00198BFC /* Release */ = {
			isa = XCBuildConfiguration;
			buildSettings = {
				BUNDLE_LOADER = "$(TEST_HOST)";
				CODE_SIGN_STYLE = Automatic;
				CURRENT_PROJECT_VERSION = 1;
				DEVELOPMENT_TEAM = XS97RLY5NM;
				GENERATE_INFOPLIST_FILE = YES;
				IPHONEOS_DEPLOYMENT_TARGET = 18.0;
				MACOSX_DEPLOYMENT_TARGET = 14.5;
				MARKETING_VERSION = 1.0;
				PRODUCT_BUNDLE_IDENTIFIER = RohanAdwankar.SmartTaskDesktopTests;
				PRODUCT_NAME = "$(TARGET_NAME)";
				SDKROOT = auto;
				SUPPORTED_PLATFORMS = "iphoneos iphonesimulator macosx xros xrsimulator";
				SWIFT_EMIT_LOC_STRINGS = NO;
				SWIFT_VERSION = 5.0;
				TARGETED_DEVICE_FAMILY = "1,2,7";
				TEST_HOST = "$(BUILT_PRODUCTS_DIR)/SmartTaskDesktop.app/$(BUNDLE_EXECUTABLE_FOLDER_PATH)/SmartTaskDesktop";
				XROS_DEPLOYMENT_TARGET = 2.0;
			};
			name = Release;
		};
		F40FC8D82CAE30CE00198BFC /* Debug */ = {
			isa = XCBuildConfiguration;
			buildSettings = {
				CODE_SIGN_STYLE = Automatic;
				CURRENT_PROJECT_VERSION = 1;
				DEVELOPMENT_TEAM = XS97RLY5NM;
				GENERATE_INFOPLIST_FILE = YES;
				IPHONEOS_DEPLOYMENT_TARGET = 18.0;
				MACOSX_DEPLOYMENT_TARGET = 14.5;
				MARKETING_VERSION = 1.0;
				PRODUCT_BUNDLE_IDENTIFIER = RohanAdwankar.SmartTaskDesktopUITests;
				PRODUCT_NAME = "$(TARGET_NAME)";
				SDKROOT = auto;
				SUPPORTED_PLATFORMS = "iphoneos iphonesimulator macosx xros xrsimulator";
				SWIFT_EMIT_LOC_STRINGS = NO;
				SWIFT_VERSION = 5.0;
				TARGETED_DEVICE_FAMILY = "1,2,7";
				TEST_TARGET_NAME = SmartTaskDesktop;
				XROS_DEPLOYMENT_TARGET = 2.0;
			};
			name = Debug;
		};
		F40FC8D92CAE30CE00198BFC /* Release */ = {
			isa = XCBuildConfiguration;
			buildSettings = {
				CODE_SIGN_STYLE = Automatic;
				CURRENT_PROJECT_VERSION = 1;
				DEVELOPMENT_TEAM = XS97RLY5NM;
				GENERATE_INFOPLIST_FILE = YES;
				IPHONEOS_DEPLOYMENT_TARGET = 18.0;
				MACOSX_DEPLOYMENT_TARGET = 14.5;
				MARKETING_VERSION = 1.0;
				PRODUCT_BUNDLE_IDENTIFIER = RohanAdwankar.SmartTaskDesktopUITests;
				PRODUCT_NAME = "$(TARGET_NAME)";
				SDKROOT = auto;
				SUPPORTED_PLATFORMS = "iphoneos iphonesimulator macosx xros xrsimulator";
				SWIFT_EMIT_LOC_STRINGS = NO;
				SWIFT_VERSION = 5.0;
				TARGETED_DEVICE_FAMILY = "1,2,7";
				TEST_TARGET_NAME = SmartTaskDesktop;
				XROS_DEPLOYMENT_TARGET = 2.0;
			};
			name = Release;
		};
/* End XCBuildConfiguration section */

/* Begin XCConfigurationList section */
		F40FC8A52CAE30CC00198BFC /* Build configuration list for PBXProject "SmartTaskDesktop" */ = {
			isa = XCConfigurationList;
			buildConfigurations = (
				F40FC8CF2CAE30CE00198BFC /* Debug */,
				F40FC8D02CAE30CE00198BFC /* Release */,
			);
			defaultConfigurationIsVisible = 0;
			defaultConfigurationName = Release;
		};
		F40FC8D12CAE30CE00198BFC /* Build configuration list for PBXNativeTarget "SmartTaskDesktop" */ = {
			isa = XCConfigurationList;
			buildConfigurations = (
				F40FC8D22CAE30CE00198BFC /* Debug */,
				F40FC8D32CAE30CE00198BFC /* Release */,
			);
			defaultConfigurationIsVisible = 0;
			defaultConfigurationName = Release;
		};
		F40FC8D42CAE30CE00198BFC /* Build configuration list for PBXNativeTarget "SmartTaskDesktopTests" */ = {
			isa = XCConfigurationList;
			buildConfigurations = (
				F40FC8D52CAE30CE00198BFC /* Debug */,
				F40FC8D62CAE30CE00198BFC /* Release */,
			);
			defaultConfigurationIsVisible = 0;
			defaultConfigurationName = Release;
		};
		F40FC8D72CAE30CE00198BFC /* Build configuration list for PBXNativeTarget "SmartTaskDesktopUITests" */ = {
			isa = XCConfigurationList;
			buildConfigurations = (
				F40FC8D82CAE30CE00198BFC /* Debug */,
				F40FC8D92CAE30CE00198BFC /* Release */,
			);
			defaultConfigurationIsVisible = 0;
			defaultConfigurationName = Release;
		};
/* End XCConfigurationList section */
	};
	rootObject = F40FC8A22CAE30CC00198BFC /* Project object */;
}
